
Microsoft Visual Studio Solution File, Format Version 12.00
# Visual Studio 15
VisualStudioVersion = 15.0.28307.1831
MinimumVisualStudioVersion = 10.0.40219.1
Project("{FAE04EC0-301F-11D3-BF4B-00C04F79EFBC}") = "palGit", "palGit\palGit.csproj", "{D6B6D5A3-D57A-42A9-B108-592565B3C1AD}"
EndProject
Global
	GlobalSection(SolutionConfigurationPlatforms) = preSolution
		Debug|Any CPU = Debug|Any CPU
		Release|Any CPU = Release|Any CPU
	EndGlobalSection
	GlobalSection(ProjectConfigurationPlatforms) = postSolution
		{D6B6D5A3-D57A-42A9-B108-592565B3C1AD}.Debug|Any CPU.ActiveCfg = Debug|Any CPU
		{D6B6D5A3-D57A-42A9-B108-592565B3C1AD}.Debug|Any CPU.Build.0 = Debug|Any CPU
		{D6B6D5A3-D57A-42A9-B108-592565B3C1AD}.Release|Any CPU.ActiveCfg = Release|Any CPU
		{D6B6D5A3-D57A-42A9-B108-592565B3C1AD}.Release|Any CPU.Build.0 = Release|Any CPU
	EndGlobalSection
	GlobalSection(SolutionProperties) = preSolution
		HideSolutionNode = FALSE
	EndGlobalSection
	GlobalSection(ExtensibilityGlobals) = postSolution
		SolutionGuid = {1A78D21C-52C8-4D12-A2E0-9DA50F477CD7}
	EndGlobalSection
EndGlobal
